
Microsoft Visual Studio Solution File, Format Version 12.00
Project("{FAE04EC0-301F-11D3-BF4B-00C04F79EFBC}") = "Netw_DZ1_server", "Netw_DZ1_server\Netw_DZ1_server.csproj", "{F5361A68-FE2A-4148-88AE-8EE9D1E31263}"
EndProject
Global
	GlobalSection(SolutionConfigurationPlatforms) = preSolution
		Debug|Any CPU = Debug|Any CPU
		Release|Any CPU = Release|Any CPU
	EndGlobalSection
	GlobalSection(ProjectConfigurationPlatforms) = postSolution
		{F5361A68-FE2A-4148-88AE-8EE9D1E31263}.Debug|Any CPU.ActiveCfg = Debug|Any CPU
		{F5361A68-FE2A-4148-88AE-8EE9D1E31263}.Debug|Any CPU.Build.0 = Debug|Any CPU
		{F5361A68-FE2A-4148-88AE-8EE9D1E31263}.Release|Any CPU.ActiveCfg = Release|Any CPU
		{F5361A68-FE2A-4148-88AE-8EE9D1E31263}.Release|Any CPU.Build.0 = Release|Any CPU
	EndGlobalSection
EndGlobal
